
Microsoft Visual Studio Solution File, Format Version 12.00
# Visual Studio 15
VisualStudioVersion = 15.0.27703.2018
MinimumVisualStudioVersion = 10.0.40219.1
Project("{FAE04EC0-301F-11D3-BF4B-00C04F79EFBC}") = "ObservableCollectionExample", "ObservableCollectionExample\ObservableCollectionExample.csproj", "{9B231735-FA10-41C0-9031-D54B02B54738}"
EndProject
Global
	GlobalSection(SolutionConfigurationPlatforms) = preSolution
		Debug|Any CPU = Debug|Any CPU
		Release|Any CPU = Release|Any CPU
	EndGlobalSection
	GlobalSection(ProjectConfigurationPlatforms) = postSolution
		{9B231735-FA10-41C0-9031-D54B02B54738}.Debug|Any CPU.ActiveCfg = Debug|Any CPU
		{9B231735-FA10-41C0-9031-D54B02B54738}.Debug|Any CPU.Build.0 = Debug|Any CPU
		{9B231735-FA10-41C0-9031-D54B02B54738}.Release|Any CPU.ActiveCfg = Release|Any CPU
		{9B231735-FA10-41C0-9031-D54B02B54738}.Release|Any CPU.Build.0 = Release|Any CPU
	EndGlobalSection
	GlobalSection(SolutionProperties) = preSolution
		HideSolutionNode = FALSE
	EndGlobalSection
	GlobalSection(ExtensibilityGlobals) = postSolution
		SolutionGuid = {3DDCC5E8-0D6A-4087-92DF-A61A00CAB483}
	EndGlobalSection
EndGlobal
